
Microsoft Visual Studio Solution File, Format Version 12.00
# Visual Studio Version 17
VisualStudioVersion = 17.14.36414.22 d17.14
MinimumVisualStudioVersion = 10.0.40219.1
Project("{FAE04EC0-301F-11D3-BF4B-00C04F79EFBC}") = "DataBaseFirstApproach", "DataBaseFirstApproach\DataBaseFirstApproach.csproj", "{DFAF1BDE-DAD7-4C4B-87DB-784D3F42E6BD}"
EndProject
Global
	GlobalSection(SolutionConfigurationPlatforms) = preSolution
		Debug|Any CPU = Debug|Any CPU
		Release|Any CPU = Release|Any CPU
	EndGlobalSection
	GlobalSection(ProjectConfigurationPlatforms) = postSolution
		{DFAF1BDE-DAD7-4C4B-87DB-784D3F42E6BD}.Debug|Any CPU.ActiveCfg = Debug|Any CPU
		{DFAF1BDE-DAD7-4C4B-87DB-784D3F42E6BD}.Debug|Any CPU.Build.0 = Debug|Any CPU
		{DFAF1BDE-DAD7-4C4B-87DB-784D3F42E6BD}.Release|Any CPU.ActiveCfg = Release|Any CPU
		{DFAF1BDE-DAD7-4C4B-87DB-784D3F42E6BD}.Release|Any CPU.Build.0 = Release|Any CPU
	EndGlobalSection
	GlobalSection(SolutionProperties) = preSolution
		HideSolutionNode = FALSE
	EndGlobalSection
	GlobalSection(ExtensibilityGlobals) = postSolution
		SolutionGuid = {EF6C3F4B-E2E4-4EE8-BAC3-53BFC55EF17C}
	EndGlobalSection
EndGlobal
